<?xml version="1.0" encoding="utf-8"?>
<Project ToolsVersion="4.0" xmlns="http://schemas.microsoft.com/developer/msbuild/2003">
  <ItemGroup>
    <Filter Include="Modules">
      <UniqueIdentifier>{4851975c-0bb8-4a32-8e2c-5e688aa2db5b}</UniqueIdentifier>
    </Filter>
    <Filter Include="FalloutEngine">
      <UniqueIdentifier>{1b253470-d2b8-4cba-bf4b-56cfda37b152}</UniqueIdentifier>
    </Filter>
    <Filter Include="Modules\Scripting">
      <UniqueIdentifier>{91ddfaaa-c5db-471a-abd1-b1a3c77e0241}</UniqueIdentifier>
    </Filter>
    <Filter Include="Modules\Scripting\Handlers">
      <UniqueIdentifier>{bd51bc83-6a88-45c3-a4ae-a4a2808281ab}</UniqueIdentifier>
    </Filter>
    <Filter Include="Modules\HookScripts">
      <UniqueIdentifier>{1e66856c-4830-4ca0-a998-15b697208223}</UniqueIdentifier>
    </Filter>
  </ItemGroup>
  <ItemGroup>
    <ClInclude Include="main.h" />
    <ClInclude Include="Modules\AI.h">
      <Filter>Modules</Filter>
    </ClInclude>
    <ClInclude Include="Modules\AnimationsAtOnceLimit.h">
      <Filter>Modules</Filter>
    </ClInclude>
    <ClInclude Include="Modules\BarBoxes.h">
      <Filter>Modules</Filter>
    </ClInclude>
    <ClInclude Include="Modules\Books.h">
      <Filter>Modules</Filter>
    </ClInclude>
    <ClInclude Include="Modules\BurstMods.h">
      <Filter>Modules</Filter>
    </ClInclude>
    <ClInclude Include="Modules\Console.h">
      <Filter>Modules</Filter>
    </ClInclude>
    <ClInclude Include="Modules\CRC.h">
      <Filter>Modules</Filter>
    </ClInclude>
    <ClInclude Include="Modules\Credits.h">
      <Filter>Modules</Filter>
    </ClInclude>
    <ClInclude Include="Modules\Criticals.h">
      <Filter>Modules</Filter>
    </ClInclude>
    <ClInclude Include="Modules\DebugEditor.h">
      <Filter>Modules</Filter>
    </ClInclude>
    <ClInclude Include="Modules\Elevators.h">
      <Filter>Modules</Filter>
    </ClInclude>
    <ClInclude Include="Modules\Explosions.h">
      <Filter>Modules</Filter>
    </ClInclude>
    <ClInclude Include="Modules\FileSystem.h">
      <Filter>Modules</Filter>
    </ClInclude>
    <ClInclude Include="Modules\HeroAppearance.h">
      <Filter>Modules</Filter>
    </ClInclude>
    <ClInclude Include="Modules\HookScripts.h">
      <Filter>Modules</Filter>
    </ClInclude>
    <ClInclude Include="Modules\Inventory.h">
      <Filter>Modules</Filter>
    </ClInclude>
    <ClInclude Include="Modules\KillCounter.h">
      <Filter>Modules</Filter>
    </ClInclude>
    <ClInclude Include="Modules\LoadGameHook.h">
      <Filter>Modules</Filter>
    </ClInclude>
    <ClInclude Include="Modules\MainMenu.h">
      <Filter>Modules</Filter>
    </ClInclude>
    <ClInclude Include="Modules\Message.h">
      <Filter>Modules</Filter>
    </ClInclude>
    <ClInclude Include="Modules\PartyControl.h">
      <Filter>Modules</Filter>
    </ClInclude>
    <ClInclude Include="Modules\Perks.h">
      <Filter>Modules</Filter>
    </ClInclude>
    <ClInclude Include="Modules\Premade.h">
      <Filter>Modules</Filter>
    </ClInclude>
    <ClInclude Include="Modules\QuestList.h">
      <Filter>Modules</Filter>
    </ClInclude>
    <ClInclude Include="Modules\Reputations.h">
      <Filter>Modules</Filter>
    </ClInclude>
    <ClInclude Include="Modules\Stats.h">
      <Filter>Modules</Filter>
    </ClInclude>
    <ClInclude Include="Modules\Tiles.h">
      <Filter>Modules</Filter>
    </ClInclude>
    <ClInclude Include="resource.h" />
    <ClInclude Include="Logging.h" />
    <ClInclude Include="SafeWrite.h" />
    <ClInclude Include="Modules\Graphics.h">
      <Filter>Modules</Filter>
    </ClInclude>
    <ClInclude Include="Modules\Movies.h">
      <Filter>Modules</Filter>
    </ClInclude>
    <ClInclude Include="Modules\Skills.h">
      <Filter>Modules</Filter>
    </ClInclude>
    <ClInclude Include="Modules\Sound.h">
      <Filter>Modules</Filter>
    </ClInclude>
    <ClInclude Include="Modules\ScriptExtender.h">
      <Filter>Modules</Filter>
    </ClInclude>
    <ClInclude Include="FalloutEngine\Structs.h">
      <Filter>FalloutEngine</Filter>
    </ClInclude>
    <ClInclude Include="FalloutEngine\Enums.h">
      <Filter>FalloutEngine</Filter>
    </ClInclude>
    <ClInclude Include="FalloutEngine\Fallout2.h">
      <Filter>FalloutEngine</Filter>
    </ClInclude>
    <ClInclude Include="Version.h" />
    <ClInclude Include="InputFuncs.h" />
    <ClInclude Include="Modules\Scripting\Arrays.h">
      <Filter>Modules\Scripting</Filter>
    </ClInclude>
    <ClInclude Include="FalloutEngine\Variables.h">
      <Filter>FalloutEngine</Filter>
    </ClInclude>
    <ClInclude Include="Modules\Scripting\ScriptValue.h">
      <Filter>Modules\Scripting</Filter>
    </ClInclude>
    <ClInclude Include="Modules\Scripting\Handlers\Arrays.h">
      <Filter>Modules\Scripting\Handlers</Filter>
    </ClInclude>
    <ClInclude Include="Modules\Scripting\Handlers\Anims.h">
      <Filter>Modules\Scripting\Handlers</Filter>
    </ClInclude>
    <ClInclude Include="Modules\Scripting\Handlers\FileSystem.h">
      <Filter>Modules\Scripting\Handlers</Filter>
    </ClInclude>
    <ClInclude Include="Modules\Scripting\Handlers\Graphics.h">
      <Filter>Modules\Scripting\Handlers</Filter>
    </ClInclude>
    <ClInclude Include="Modules\Scripting\Handlers\Interface.h">
      <Filter>Modules\Scripting\Handlers</Filter>
    </ClInclude>
    <ClInclude Include="Modules\Scripting\Handlers\Memory.h">
      <Filter>Modules\Scripting\Handlers</Filter>
    </ClInclude>
    <ClInclude Include="Modules\Scripting\Handlers\Metarule.h">
      <Filter>Modules\Scripting\Handlers</Filter>
    </ClInclude>
    <ClInclude Include="Modules\Scripting\Handlers\Misc.h">
      <Filter>Modules\Scripting\Handlers</Filter>
    </ClInclude>
    <ClInclude Include="Modules\Scripting\Handlers\Objects.h">
      <Filter>Modules\Scripting\Handlers</Filter>
    </ClInclude>
    <ClInclude Include="Modules\Scripting\Handlers\Perks.h">
      <Filter>Modules\Scripting\Handlers</Filter>
    </ClInclude>
    <ClInclude Include="Modules\Scripting\Handlers\Stats.h">
      <Filter>Modules\Scripting\Handlers</Filter>
    </ClInclude>
    <ClInclude Include="Modules\Scripting\Handlers\Utils.h">
      <Filter>Modules\Scripting\Handlers</Filter>
    </ClInclude>
    <ClInclude Include="Modules\Scripting\Handlers\Worldmap.h">
      <Filter>Modules\Scripting\Handlers</Filter>
    </ClInclude>
    <ClInclude Include="Modules\Scripting\OpcodeContext.h">
      <Filter>Modules\Scripting</Filter>
    </ClInclude>
    <ClInclude Include="Modules\Scripting\Handlers\Core.h">
      <Filter>Modules\Scripting\Handlers</Filter>
    </ClInclude>
    <ClInclude Include="Modules\Scripting\Opcodes.h">
      <Filter>Modules\Scripting</Filter>
    </ClInclude>
    <ClInclude Include="Modules\Module.h">
      <Filter>Modules</Filter>
    </ClInclude>
    <ClInclude Include="Modules\MiscPatches.h">
      <Filter>Modules</Filter>
    </ClInclude>
    <ClInclude Include="SimplePatch.h" />
    <ClInclude Include="ModuleManager.h" />
    <ClInclude Include="Delegate.h" />
    <ClInclude Include="Modules\Karma.h">
      <Filter>Modules</Filter>
    </ClInclude>
    <ClInclude Include="Modules\LoadOrder.h">
      <Filter>Modules</Filter>
    </ClInclude>
    <ClInclude Include="Modules\SpeedPatch.h">
      <Filter>Modules</Filter>
    </ClInclude>
    <ClInclude Include="Modules\Worldmap.h">
      <Filter>Modules</Filter>
    </ClInclude>
    <ClInclude Include="Modules\BugFixes.h">
      <Filter>Modules</Filter>
    </ClInclude>
    <ClInclude Include="Modules\TalkingHeads.h">
      <Filter>Modules</Filter>
    </ClInclude>
    <ClInclude Include="Modules\PlayerModel.h">
      <Filter>Modules</Filter>
    </ClInclude>
    <ClInclude Include="Modules\ExtraSaveSlots.h">
      <Filter>Modules</Filter>
    </ClInclude>
    <ClInclude Include="Modules\Input.h">
      <Filter>Modules</Filter>
    </ClInclude>
    <ClInclude Include="Utils.h" />
    <ClInclude Include="FalloutEngine\FunctionOffsets.h">
      <Filter>FalloutEngine</Filter>
    </ClInclude>
    <ClInclude Include="FalloutEngine\Functions.h">
      <Filter>FalloutEngine</Filter>
    </ClInclude>
    <ClInclude Include="FalloutEngine\Functions_def.h">
      <Filter>FalloutEngine</Filter>
    </ClInclude>
    <ClInclude Include="FalloutEngine\EngineUtils.h">
      <Filter>FalloutEngine</Filter>
    </ClInclude>
    <ClInclude Include="FalloutEngine\FunctionOffsets_def.h">
      <Filter>FalloutEngine</Filter>
    </ClInclude>
    <ClInclude Include="stdafx.h" />
    <ClInclude Include="Modules\MainLoopHook.h">
      <Filter>Modules</Filter>
    </ClInclude>
    <ClInclude Include="FalloutEngine\VariableOffsets.h">
      <Filter>FalloutEngine</Filter>
    </ClInclude>
    <ClInclude Include="Modules\HookScripts\Common.h">
      <Filter>Modules\HookScripts</Filter>
    </ClInclude>
    <ClInclude Include="Modules\HookScripts\DeathHs.h">
      <Filter>Modules\HookScripts</Filter>
    </ClInclude>
    <ClInclude Include="Modules\HookScripts\HexBlockingHs.h">
      <Filter>Modules\HookScripts</Filter>
    </ClInclude>
    <ClInclude Include="Modules\HookScripts\InventoryHs.h">
      <Filter>Modules\HookScripts</Filter>
    </ClInclude>
    <ClInclude Include="Modules\HookScripts\MiscHs.h">
      <Filter>Modules\HookScripts</Filter>
    </ClInclude>
    <ClInclude Include="Modules\HookScripts\CombatHs.h">
      <Filter>Modules\HookScripts</Filter>
    </ClInclude>
    <ClInclude Include="Modules\HookScripts\ObjectHs.h">
      <Filter>Modules\HookScripts</Filter>
    </ClInclude>
    <ClInclude Include="Modules\Objects.h">
      <Filter>Modules</Filter>
    </ClInclude>
    <ClInclude Include="Modules\Combat.h">
      <Filter>Modules</Filter>
    </ClInclude>
    <ClInclude Include="Modules\DamageMod.h">
      <Filter>Modules</Filter>
    </ClInclude>
    <ClInclude Include="Modules\Drugs.h">
      <Filter>Modules</Filter>
    </ClInclude>
    <ClInclude Include="Modules\ScriptShaders.h">
      <Filter>Modules</Filter>
    </ClInclude>
  </ItemGroup>
  <ItemGroup>
    <ClCompile Include="main.cpp" />
    <ClCompile Include="Modules\AI.cpp">
      <Filter>Modules</Filter>
    </ClCompile>
    <ClCompile Include="Modules\AnimationsAtOnceLimit.cpp">
      <Filter>Modules</Filter>
    </ClCompile>
    <ClCompile Include="Modules\BarBoxes.cpp">
      <Filter>Modules</Filter>
    </ClCompile>
    <ClCompile Include="Modules\Books.cpp">
      <Filter>Modules</Filter>
    </ClCompile>
    <ClCompile Include="Modules\BurstMods.cpp">
      <Filter>Modules</Filter>
    </ClCompile>
    <ClCompile Include="Modules\Console.cpp">
      <Filter>Modules</Filter>
    </ClCompile>
    <ClCompile Include="Modules\CRC.cpp">
      <Filter>Modules</Filter>
    </ClCompile>
    <ClCompile Include="Modules\Credits.cpp">
      <Filter>Modules</Filter>
    </ClCompile>
    <ClCompile Include="Modules\Criticals.cpp">
      <Filter>Modules</Filter>
    </ClCompile>
    <ClCompile Include="Modules\DebugEditor.cpp">
      <Filter>Modules</Filter>
    </ClCompile>
    <ClCompile Include="Modules\Elevators.cpp">
      <Filter>Modules</Filter>
    </ClCompile>
    <ClCompile Include="Modules\Explosions.cpp">
      <Filter>Modules</Filter>
    </ClCompile>
    <ClCompile Include="Modules\FileSystem.cpp">
      <Filter>Modules</Filter>
    </ClCompile>
    <ClCompile Include="Modules\HeroAppearance.cpp">
      <Filter>Modules</Filter>
    </ClCompile>
    <ClCompile Include="Modules\HookScripts.cpp">
      <Filter>Modules</Filter>
    </ClCompile>
    <ClCompile Include="Modules\Inventory.cpp">
      <Filter>Modules</Filter>
    </ClCompile>
    <ClCompile Include="Modules\KillCounter.cpp">
      <Filter>Modules</Filter>
    </ClCompile>
    <ClCompile Include="Modules\LoadGameHook.cpp">
      <Filter>Modules</Filter>
    </ClCompile>
    <ClCompile Include="Modules\MainMenu.cpp">
      <Filter>Modules</Filter>
    </ClCompile>
    <ClCompile Include="Modules\Message.cpp">
      <Filter>Modules</Filter>
    </ClCompile>
    <ClCompile Include="Modules\PartyControl.cpp">
      <Filter>Modules</Filter>
    </ClCompile>
    <ClCompile Include="Modules\Perks.cpp">
      <Filter>Modules</Filter>
    </ClCompile>
    <ClCompile Include="Modules\Premade.cpp">
      <Filter>Modules</Filter>
    </ClCompile>
    <ClCompile Include="Modules\QuestList.cpp">
      <Filter>Modules</Filter>
    </ClCompile>
    <ClCompile Include="Modules\Reputations.cpp">
      <Filter>Modules</Filter>
    </ClCompile>
    <ClCompile Include="Modules\Stats.cpp">
      <Filter>Modules</Filter>
    </ClCompile>
    <ClCompile Include="Modules\Tiles.cpp">
      <Filter>Modules</Filter>
    </ClCompile>
    <ClCompile Include="ddraw.cpp" />
    <ClCompile Include="Logging.cpp" />
    <ClCompile Include="SafeWrite.cpp" />
    <ClCompile Include="Modules\Graphics.cpp">
      <Filter>Modules</Filter>
    </ClCompile>
    <ClCompile Include="Modules\Movies.cpp">
      <Filter>Modules</Filter>
    </ClCompile>
    <ClCompile Include="Modules\Skills.cpp">
      <Filter>Modules</Filter>
    </ClCompile>
    <ClCompile Include="Modules\Sound.cpp">
      <Filter>Modules</Filter>
    </ClCompile>
    <ClCompile Include="Modules\ScriptExtender.cpp">
      <Filter>Modules</Filter>
    </ClCompile>
    <ClCompile Include="InputFuncs.cpp" />
    <ClCompile Include="Modules\Scripting\Arrays.cpp">
      <Filter>Modules\Scripting</Filter>
    </ClCompile>
    <ClCompile Include="FalloutEngine\Variables.cpp">
      <Filter>FalloutEngine</Filter>
    </ClCompile>
    <ClCompile Include="Modules\Scripting\ScriptValue.cpp">
      <Filter>Modules\Scripting</Filter>
    </ClCompile>
    <ClCompile Include="Modules\Scripting\Handlers\Arrays.cpp">
      <Filter>Modules\Scripting\Handlers</Filter>
    </ClCompile>
    <ClCompile Include="Modules\Scripting\Handlers\Anims.cpp">
      <Filter>Modules\Scripting\Handlers</Filter>
    </ClCompile>
    <ClCompile Include="Modules\Scripting\Handlers\FileSystem.cpp">
      <Filter>Modules\Scripting\Handlers</Filter>
    </ClCompile>
    <ClCompile Include="Modules\Scripting\Handlers\Graphics.cpp">
      <Filter>Modules\Scripting\Handlers</Filter>
    </ClCompile>
    <ClCompile Include="Modules\Scripting\Handlers\Interface.cpp">
      <Filter>Modules\Scripting\Handlers</Filter>
    </ClCompile>
    <ClCompile Include="Modules\Scripting\Handlers\Metarule.cpp">
      <Filter>Modules\Scripting\Handlers</Filter>
    </ClCompile>
    <ClCompile Include="Modules\Scripting\Handlers\Memory.cpp">
      <Filter>Modules\Scripting\Handlers</Filter>
    </ClCompile>
    <ClCompile Include="Modules\Scripting\Handlers\Objects.cpp">
      <Filter>Modules\Scripting\Handlers</Filter>
    </ClCompile>
    <ClCompile Include="Modules\Scripting\Handlers\Misc.cpp">
      <Filter>Modules\Scripting\Handlers</Filter>
    </ClCompile>
    <ClCompile Include="Modules\Scripting\Handlers\Perks.cpp">
      <Filter>Modules\Scripting\Handlers</Filter>
    </ClCompile>
    <ClCompile Include="Modules\Scripting\Handlers\Stats.cpp">
      <Filter>Modules\Scripting\Handlers</Filter>
    </ClCompile>
    <ClCompile Include="Modules\Scripting\Handlers\Utils.cpp">
      <Filter>Modules\Scripting\Handlers</Filter>
    </ClCompile>
    <ClCompile Include="Modules\Scripting\Handlers\Worldmap.cpp">
      <Filter>Modules\Scripting\Handlers</Filter>
    </ClCompile>
    <ClCompile Include="Modules\Scripting\OpcodeContext.cpp">
      <Filter>Modules\Scripting</Filter>
    </ClCompile>
    <ClCompile Include="Modules\Scripting\Handlers\Core.cpp">
      <Filter>Modules\Scripting\Handlers</Filter>
    </ClCompile>
    <ClCompile Include="Modules\Scripting\Opcodes.cpp">
      <Filter>Modules\Scripting</Filter>
    </ClCompile>
    <ClCompile Include="Modules\MiscPatches.cpp">
      <Filter>Modules</Filter>
    </ClCompile>
    <ClCompile Include="ModuleManager.cpp" />
    <ClCompile Include="Modules\Karma.cpp">
      <Filter>Modules</Filter>
    </ClCompile>
    <ClCompile Include="Modules\LoadOrder.cpp">
      <Filter>Modules</Filter>
    </ClCompile>
    <ClCompile Include="Modules\SpeedPatch.cpp">
      <Filter>Modules</Filter>
    </ClCompile>
    <ClCompile Include="Modules\Worldmap.cpp">
      <Filter>Modules</Filter>
    </ClCompile>
    <ClCompile Include="Modules\BugFixes.cpp">
      <Filter>Modules</Filter>
    </ClCompile>
    <ClCompile Include="Modules\TalkingHeads.cpp">
      <Filter>Modules</Filter>
    </ClCompile>
    <ClCompile Include="Modules\PlayerModel.cpp">
      <Filter>Modules</Filter>
    </ClCompile>
    <ClCompile Include="Modules\ExtraSaveSlots.cpp">
      <Filter>Modules</Filter>
    </ClCompile>
    <ClCompile Include="Modules\Input.cpp">
      <Filter>Modules</Filter>
    </ClCompile>
    <ClCompile Include="Utils.cpp" />
    <ClCompile Include="FalloutEngine\Functions.cpp">
      <Filter>FalloutEngine</Filter>
    </ClCompile>
    <ClCompile Include="FalloutEngine\EngineUtils.cpp">
      <Filter>FalloutEngine</Filter>
    </ClCompile>
    <ClCompile Include="FalloutEngine\FunctionOffsets.cpp">
      <Filter>FalloutEngine</Filter>
    </ClCompile>
    <ClCompile Include="stdafx.cpp" />
    <ClCompile Include="Modules\MainLoopHook.cpp">
      <Filter>Modules</Filter>
    </ClCompile>
    <ClCompile Include="Modules\HookScripts\Common.cpp">
      <Filter>Modules\HookScripts</Filter>
    </ClCompile>
    <ClCompile Include="Modules\HookScripts\DeathHs.cpp">
      <Filter>Modules\HookScripts</Filter>
    </ClCompile>
    <ClCompile Include="Modules\HookScripts\HexBlockingHs.cpp">
      <Filter>Modules\HookScripts</Filter>
    </ClCompile>
    <ClCompile Include="Modules\HookScripts\InventoryHs.cpp">
      <Filter>Modules\HookScripts</Filter>
    </ClCompile>
    <ClCompile Include="Modules\HookScripts\MiscHs.cpp">
      <Filter>Modules\HookScripts</Filter>
    </ClCompile>
    <ClCompile Include="Modules\HookScripts\CombatHs.cpp">
      <Filter>Modules\HookScripts</Filter>
    </ClCompile>
    <ClCompile Include="Modules\HookScripts\ObjectHs.cpp">
      <Filter>Modules\HookScripts</Filter>
    </ClCompile>
    <ClCompile Include="Modules\Objects.cpp">
      <Filter>Modules</Filter>
    </ClCompile>
    <ClCompile Include="Modules\Combat.cpp">
      <Filter>Modules</Filter>
    </ClCompile>
    <ClCompile Include="Modules\DamageMod.cpp">
      <Filter>Modules</Filter>
    </ClCompile>
    <ClCompile Include="Modules\Drugs.cpp">
      <Filter>Modules</Filter>
    </ClCompile>
    <ClCompile Include="Modules\ScriptShaders.cpp">
      <Filter>Modules</Filter>
    </ClCompile>
  </ItemGroup>
  <ItemGroup>
    <ResourceCompile Include="version.rc" />
  </ItemGroup>
  <ItemGroup>
    <None Include="exports.def" />
    <None Include="postbuild.cmd.template" />
    <None Include="FalloutEngine\Variables_def.h">
      <Filter>FalloutEngine</Filter>
    </None>
  </ItemGroup>
</Project>