
Microsoft Visual Studio Solution File, Format Version 12.00
# Visual Studio 15
VisualStudioVersion = 15.0.26403.0
MinimumVisualStudioVersion = 10.0.40219.1
Project("{8BC9CEB8-8B4A-11D0-8D11-00A0C91BC942}") = "ddraw", "ddraw.vcxproj", "{FB9023DA-CA5E-4704-B601-407810963EF0}"
EndProject
Project("{2150E333-8FDC-42A3-9474-1A3956D46DE8}") = "Solution Items", "Solution Items", "{EA440259-1669-4720-AAC4-5A5F0D1F33AC}"
	ProjectSection(SolutionItems) = preProject
		Rebracer.xml = Rebracer.xml
	EndProjectSection
EndProject
Project("{911E67C6-3D85-4FCE-B560-20A9C3E3FF48}") = "FALLOUT2", "C:\Games\Fallout2\FALLOUT2.EXE", "{0554CA27-B50E-4D65-B264-2A48A7007441}"
	ProjectSection(DebuggerProjectSystem) = preProject
		PortSupplier = 00000000-0000-0000-0000-000000000000
		Executable = C:\Games\Fallout2\FALLOUT2.EXE
		RemoteMachine = DebugPC
		StartingDirectory = C:\Games\Fallout2
		Environment = Default
		LaunchingEngine = 3b476d35-a401-11d2-aad4-00c04f990171
		UseLegacyDebugEngines = No
		LaunchSQLEngine = No
		AttachLaunchAction = No
	EndProjectSection
EndProject
Global
	GlobalSection(SolutionConfigurationPlatforms) = preSolution
		Debug|Win32 = Debug|Win32
		DevXP|Win32 = DevXP|Win32
		Release|Win32 = Release|Win32
		ReleaseXP|Win32 = ReleaseXP|Win32
	EndGlobalSection
	GlobalSection(ProjectConfigurationPlatforms) = postSolution
		{FB9023DA-CA5E-4704-B601-407810963EF0}.Debug|Win32.ActiveCfg = Debug|Win32
		{FB9023DA-CA5E-4704-B601-407810963EF0}.Debug|Win32.Build.0 = Debug|Win32
		{FB9023DA-CA5E-4704-B601-407810963EF0}.DevXP|Win32.ActiveCfg = DevXP|Win32
		{FB9023DA-CA5E-4704-B601-407810963EF0}.DevXP|Win32.Build.0 = DevXP|Win32
		{FB9023DA-CA5E-4704-B601-407810963EF0}.Release|Win32.ActiveCfg = Release|Win32
		{FB9023DA-CA5E-4704-B601-407810963EF0}.Release|Win32.Build.0 = Release|Win32
		{FB9023DA-CA5E-4704-B601-407810963EF0}.ReleaseXP|Win32.ActiveCfg = ReleaseXP|Win32
		{FB9023DA-CA5E-4704-B601-407810963EF0}.ReleaseXP|Win32.Build.0 = ReleaseXP|Win32
		{0554CA27-B50E-4D65-B264-2A48A7007441}.Debug|Win32.ActiveCfg = Release
		{0554CA27-B50E-4D65-B264-2A48A7007441}.DevXP|Win32.ActiveCfg = Release
		{0554CA27-B50E-4D65-B264-2A48A7007441}.Release|Win32.ActiveCfg = Release
		{0554CA27-B50E-4D65-B264-2A48A7007441}.ReleaseXP|Win32.ActiveCfg = Release
	EndGlobalSection
	GlobalSection(SolutionProperties) = preSolution
		HideSolutionNode = FALSE
	EndGlobalSection
	GlobalSection(ExtensibilityGlobals) = postSolution
		SolutionGuid = {C37C759B-E273-4B2B-A041-9F51E4A7DD9A}
	EndGlobalSection
EndGlobal
