<?xml version="1.0" encoding="utf-8"?>
<Project ToolsVersion="4.0" xmlns="http://schemas.microsoft.com/developer/msbuild/2003">
  <ItemGroup>
    <Filter Include="Modules">
      <UniqueIdentifier>{4851975c-0bb8-4a32-8e2c-5e688aa2db5b}</UniqueIdentifier>
    </Filter>
    <Filter Include="win9x">
      <UniqueIdentifier>{07dcfbfe-dd6b-4b88-8b9e-c512c333406a}</UniqueIdentifier>
    </Filter>
    <Filter Include="FalloutEngine">
      <UniqueIdentifier>{1b253470-d2b8-4cba-bf4b-56cfda37b152}</UniqueIdentifier>
    </Filter>
    <Filter Include="Modules\Scripting">
      <UniqueIdentifier>{91ddfaaa-c5db-471a-abd1-b1a3c77e0241}</UniqueIdentifier>
    </Filter>
  </ItemGroup>
  <ItemGroup>
    <ClInclude Include="main.h" />
    <ClInclude Include="Modules\AI.h">
      <Filter>Modules</Filter>
    </ClInclude>
    <ClInclude Include="Modules\AmmoMod.h">
      <Filter>Modules</Filter>
    </ClInclude>
    <ClInclude Include="Modules\AnimationsAtOnceLimit.h">
      <Filter>Modules</Filter>
    </ClInclude>
    <ClInclude Include="Modules\BarBoxes.h">
      <Filter>Modules</Filter>
    </ClInclude>
    <ClInclude Include="Modules\Books.h">
      <Filter>Modules</Filter>
    </ClInclude>
    <ClInclude Include="Modules\Bugs.h">
      <Filter>Modules</Filter>
    </ClInclude>
    <ClInclude Include="Modules\BurstMods.h">
      <Filter>Modules</Filter>
    </ClInclude>
    <ClInclude Include="Modules\Console.h">
      <Filter>Modules</Filter>
    </ClInclude>
    <ClInclude Include="Modules\CRC.h">
      <Filter>Modules</Filter>
    </ClInclude>
    <ClInclude Include="Modules\Credits.h">
      <Filter>Modules</Filter>
    </ClInclude>
    <ClInclude Include="Modules\Criticals.h">
      <Filter>Modules</Filter>
    </ClInclude>
    <ClInclude Include="Modules\DebugEditor.h">
      <Filter>Modules</Filter>
    </ClInclude>
    <ClInclude Include="Modules\Elevators.h">
      <Filter>Modules</Filter>
    </ClInclude>
    <ClInclude Include="Modules\Explosions.h">
      <Filter>Modules</Filter>
    </ClInclude>
    <ClInclude Include="Modules\FileSystem.h">
      <Filter>Modules</Filter>
    </ClInclude>
    <ClInclude Include="Modules\HeroAppearance.h">
      <Filter>Modules</Filter>
    </ClInclude>
    <ClInclude Include="Modules\HookScripts.h">
      <Filter>Modules</Filter>
    </ClInclude>
    <ClInclude Include="Modules\Inventory.h">
      <Filter>Modules</Filter>
    </ClInclude>
    <ClInclude Include="Modules\KillCounter.h">
      <Filter>Modules</Filter>
    </ClInclude>
    <ClInclude Include="Modules\Knockback.h">
      <Filter>Modules</Filter>
    </ClInclude>
    <ClInclude Include="Modules\LoadGameHook.h">
      <Filter>Modules</Filter>
    </ClInclude>
    <ClInclude Include="Modules\MainMenu.h">
      <Filter>Modules</Filter>
    </ClInclude>
    <ClInclude Include="Modules\Message.h">
      <Filter>Modules</Filter>
    </ClInclude>
    <ClInclude Include="Modules\PartyControl.h">
      <Filter>Modules</Filter>
    </ClInclude>
    <ClInclude Include="Modules\Perks.h">
      <Filter>Modules</Filter>
    </ClInclude>
    <ClInclude Include="Modules\Premade.h">
      <Filter>Modules</Filter>
    </ClInclude>
    <ClInclude Include="Modules\QuestList.h">
      <Filter>Modules</Filter>
    </ClInclude>
    <ClInclude Include="Modules\Reputations.h">
      <Filter>Modules</Filter>
    </ClInclude>
    <ClInclude Include="Modules\Stats.h">
      <Filter>Modules</Filter>
    </ClInclude>
    <ClInclude Include="Modules\SuperSave.h">
      <Filter>Modules</Filter>
    </ClInclude>
    <ClInclude Include="Modules\Tiles.h">
      <Filter>Modules</Filter>
    </ClInclude>
    <ClInclude Include="win9x\Cpp11_emu.h">
      <Filter>win9x</Filter>
    </ClInclude>
    <ClInclude Include="resource.h" />
    <ClInclude Include="Logging.h" />
    <ClInclude Include="SafeWrite.h" />
    <ClInclude Include="Modules\Graphics.h">
      <Filter>Modules</Filter>
    </ClInclude>
    <ClInclude Include="Modules\Heads.h">
      <Filter>Modules</Filter>
    </ClInclude>
    <ClInclude Include="Modules\Movies.h">
      <Filter>Modules</Filter>
    </ClInclude>
    <ClInclude Include="Modules\Skills.h">
      <Filter>Modules</Filter>
    </ClInclude>
    <ClInclude Include="Modules\Sound.h">
      <Filter>Modules</Filter>
    </ClInclude>
    <ClInclude Include="Modules\Timer.h">
      <Filter>Modules</Filter>
    </ClInclude>
    <ClInclude Include="Modules\ScriptExtender.h">
      <Filter>Modules</Filter>
    </ClInclude>
    <ClInclude Include="FalloutEngine\Structs.h">
      <Filter>FalloutEngine</Filter>
    </ClInclude>
    <ClInclude Include="FalloutEngine\Enums.h">
      <Filter>FalloutEngine</Filter>
    </ClInclude>
    <ClInclude Include="FalloutEngine\Fallout2.h">
      <Filter>FalloutEngine</Filter>
    </ClInclude>
    <ClInclude Include="Version.h" />
    <ClInclude Include="InputFuncs.h" />
    <ClInclude Include="Modules\Scripting\AnimOps.hpp">
      <Filter>Modules\Scripting</Filter>
    </ClInclude>
    <ClInclude Include="Modules\Scripting\Arrays.h">
      <Filter>Modules\Scripting</Filter>
    </ClInclude>
    <ClInclude Include="Modules\Scripting\AsmMacros.h">
      <Filter>Modules\Scripting</Filter>
    </ClInclude>
    <ClInclude Include="Modules\Scripting\FileSystemOps.hpp">
      <Filter>Modules\Scripting</Filter>
    </ClInclude>
    <ClInclude Include="Modules\Scripting\GraphicsOp.hpp">
      <Filter>Modules\Scripting</Filter>
    </ClInclude>
    <ClInclude Include="Modules\Scripting\InterfaceOp.hpp">
      <Filter>Modules\Scripting</Filter>
    </ClInclude>
    <ClInclude Include="Modules\Scripting\MemoryOp.hpp">
      <Filter>Modules\Scripting</Filter>
    </ClInclude>
    <ClInclude Include="Modules\Scripting\MetaruleOp.hpp">
      <Filter>Modules\Scripting</Filter>
    </ClInclude>
    <ClInclude Include="Modules\Scripting\MiscOps.hpp">
      <Filter>Modules\Scripting</Filter>
    </ClInclude>
    <ClInclude Include="Modules\Scripting\ObjectsOps.hpp">
      <Filter>Modules\Scripting</Filter>
    </ClInclude>
    <ClInclude Include="Modules\Scripting\PerksOp.hpp">
      <Filter>Modules\Scripting</Filter>
    </ClInclude>
    <ClInclude Include="Modules\Scripting\ScriptArrays.hpp">
      <Filter>Modules\Scripting</Filter>
    </ClInclude>
    <ClInclude Include="Modules\Scripting\ScriptUtils.hpp">
      <Filter>Modules\Scripting</Filter>
    </ClInclude>
    <ClInclude Include="Modules\Scripting\StatsOp.hpp">
      <Filter>Modules\Scripting</Filter>
    </ClInclude>
    <ClInclude Include="Modules\Scripting\WorldmapOps.hpp">
      <Filter>Modules\Scripting</Filter>
    </ClInclude>
    <ClInclude Include="FalloutEngine\Wrappers.h">
      <Filter>FalloutEngine</Filter>
    </ClInclude>
    <ClInclude Include="FalloutEngine\Functions.h">
      <Filter>FalloutEngine</Filter>
    </ClInclude>
    <ClInclude Include="FalloutEngine\Variables.h">
      <Filter>FalloutEngine</Filter>
    </ClInclude>
  </ItemGroup>
  <ItemGroup>
    <ClCompile Include="main.cpp" />
    <ClCompile Include="Modules\AI.cpp">
      <Filter>Modules</Filter>
    </ClCompile>
    <ClCompile Include="Modules\AmmoMod.cpp">
      <Filter>Modules</Filter>
    </ClCompile>
    <ClCompile Include="Modules\AnimationsAtOnceLimit.cpp">
      <Filter>Modules</Filter>
    </ClCompile>
    <ClCompile Include="Modules\BarBoxes.cpp">
      <Filter>Modules</Filter>
    </ClCompile>
    <ClCompile Include="Modules\Books.cpp">
      <Filter>Modules</Filter>
    </ClCompile>
    <ClCompile Include="Modules\Bugs.cpp">
      <Filter>Modules</Filter>
    </ClCompile>
    <ClCompile Include="Modules\BurstMods.cpp">
      <Filter>Modules</Filter>
    </ClCompile>
    <ClCompile Include="Modules\Console.cpp">
      <Filter>Modules</Filter>
    </ClCompile>
    <ClCompile Include="Modules\CRC.cpp">
      <Filter>Modules</Filter>
    </ClCompile>
    <ClCompile Include="Modules\Credits.cpp">
      <Filter>Modules</Filter>
    </ClCompile>
    <ClCompile Include="Modules\Criticals.cpp">
      <Filter>Modules</Filter>
    </ClCompile>
    <ClCompile Include="Modules\DebugEditor.cpp">
      <Filter>Modules</Filter>
    </ClCompile>
    <ClCompile Include="Modules\Elevators.cpp">
      <Filter>Modules</Filter>
    </ClCompile>
    <ClCompile Include="Modules\Explosions.cpp">
      <Filter>Modules</Filter>
    </ClCompile>
    <ClCompile Include="Modules\FileSystem.cpp">
      <Filter>Modules</Filter>
    </ClCompile>
    <ClCompile Include="Modules\HeroAppearance.cpp">
      <Filter>Modules</Filter>
    </ClCompile>
    <ClCompile Include="Modules\HookScripts.cpp">
      <Filter>Modules</Filter>
    </ClCompile>
    <ClCompile Include="Modules\Inventory.cpp">
      <Filter>Modules</Filter>
    </ClCompile>
    <ClCompile Include="Modules\KillCounter.cpp">
      <Filter>Modules</Filter>
    </ClCompile>
    <ClCompile Include="Modules\Knockback.cpp">
      <Filter>Modules</Filter>
    </ClCompile>
    <ClCompile Include="Modules\LoadGameHook.cpp">
      <Filter>Modules</Filter>
    </ClCompile>
    <ClCompile Include="Modules\MainMenu.cpp">
      <Filter>Modules</Filter>
    </ClCompile>
    <ClCompile Include="Modules\Message.cpp">
      <Filter>Modules</Filter>
    </ClCompile>
    <ClCompile Include="Modules\PartyControl.cpp">
      <Filter>Modules</Filter>
    </ClCompile>
    <ClCompile Include="Modules\Perks.cpp">
      <Filter>Modules</Filter>
    </ClCompile>
    <ClCompile Include="Modules\Premade.cpp">
      <Filter>Modules</Filter>
    </ClCompile>
    <ClCompile Include="Modules\QuestList.cpp">
      <Filter>Modules</Filter>
    </ClCompile>
    <ClCompile Include="Modules\Reputations.cpp">
      <Filter>Modules</Filter>
    </ClCompile>
    <ClCompile Include="Modules\Stats.cpp">
      <Filter>Modules</Filter>
    </ClCompile>
    <ClCompile Include="Modules\SuperSave.cpp">
      <Filter>Modules</Filter>
    </ClCompile>
    <ClCompile Include="Modules\Tiles.cpp">
      <Filter>Modules</Filter>
    </ClCompile>
    <ClCompile Include="ddraw.cpp" />
    <ClCompile Include="Logging.cpp" />
    <ClCompile Include="SafeWrite.cpp" />
    <ClCompile Include="Modules\Graphics.cpp">
      <Filter>Modules</Filter>
    </ClCompile>
    <ClCompile Include="Modules\Heads.cpp">
      <Filter>Modules</Filter>
    </ClCompile>
    <ClCompile Include="Modules\Movies.cpp">
      <Filter>Modules</Filter>
    </ClCompile>
    <ClCompile Include="Modules\Skills.cpp">
      <Filter>Modules</Filter>
    </ClCompile>
    <ClCompile Include="Modules\Sound.cpp">
      <Filter>Modules</Filter>
    </ClCompile>
    <ClCompile Include="Modules\Timer.cpp">
      <Filter>Modules</Filter>
    </ClCompile>
    <ClCompile Include="Modules\ScriptExtender.cpp">
      <Filter>Modules</Filter>
    </ClCompile>
    <ClCompile Include="InputFuncs.cpp" />
    <ClCompile Include="Modules\Scripting\Arrays.cpp">
      <Filter>Modules\Scripting</Filter>
    </ClCompile>
    <ClCompile Include="FalloutEngine\Functions.cpp">
      <Filter>FalloutEngine</Filter>
    </ClCompile>
    <ClCompile Include="FalloutEngine\Variables.cpp">
      <Filter>FalloutEngine</Filter>
    </ClCompile>
    <ClCompile Include="FalloutEngine\Wrappers.cpp">
      <Filter>FalloutEngine</Filter>
    </ClCompile>
  </ItemGroup>
  <ItemGroup>
    <ResourceCompile Include="version.rc" />
  </ItemGroup>
  <ItemGroup>
    <None Include="exports.def" />
    <None Include="postbuild.cmd.template" />
  </ItemGroup>
</Project>